{
  "pins" : [
    {
      "identity" : "swift-protobuf",
      "kind" : "remoteSourceControl",
      "location" : "https://github.com/m3g0byt3/swift-protobuf.git",
      "state" : {
        "branch" : "enable-library-evolution-mode",
        "revision" : "edc0e30f6984d7b8b68dc1669e02fb8593780c1c"
      }
    }
  ],
  "version" : 2
}
